
Microsoft Visual Studio Solution File, Format Version 12.00
# Visual Studio Version 16
VisualStudioVersion = 16.0.29905.134
MinimumVisualStudioVersion = 10.0.40219.1
Project("{FAE04EC0-301F-11D3-BF4B-00C04F79EFBC}") = "TesteFFT", "TesteFFT\TesteFFT.csproj", "{2E394471-9078-45C8-BD70-95D7657E2A9B}"
EndProject
Global
	GlobalSection(SolutionConfigurationPlatforms) = preSolution
		Debug|Any CPU = Debug|Any CPU
		Release|Any CPU = Release|Any CPU
	EndGlobalSection
	GlobalSection(ProjectConfigurationPlatforms) = postSolution
		{2E394471-9078-45C8-BD70-95D7657E2A9B}.Debug|Any CPU.ActiveCfg = Debug|Any CPU
		{2E394471-9078-45C8-BD70-95D7657E2A9B}.Debug|Any CPU.Build.0 = Debug|Any CPU
		{2E394471-9078-45C8-BD70-95D7657E2A9B}.Release|Any CPU.ActiveCfg = Release|Any CPU
		{2E394471-9078-45C8-BD70-95D7657E2A9B}.Release|Any CPU.Build.0 = Release|Any CPU
	EndGlobalSection
	GlobalSection(SolutionProperties) = preSolution
		HideSolutionNode = FALSE
	EndGlobalSection
	GlobalSection(ExtensibilityGlobals) = postSolution
		SolutionGuid = {E6A5897F-1215-44FF-A8CB-10BFE2B7C720}
	EndGlobalSection
EndGlobal
